
Microsoft Visual Studio Solution File, Format Version 12.00
# Visual Studio 15
VisualStudioVersion = 15.0.28010.2050
MinimumVisualStudioVersion = 10.0.40219.1
Project("{F2A71F9B-5D33-465A-A702-920D77279786}") = "FsWpfApp", "FsWpfApp\FsWpfApp.fsproj", "{DBB9557A-12DA-4142-8EE3-A4C501E9689F}"
EndProject
Project("{FAE04EC0-301F-11D3-BF4B-00C04F79EFBC}") = "FsWpfApp.View", "FsWpfApp.View\FsWpfApp.View.csproj", "{2670FDCC-B0A2-4693-B6D4-7901437FD4A9}"
EndProject
Project("{F2A71F9B-5D33-465A-A702-920D77279786}") = "FsWpfApp.Models", "FsWpfApp.Models\FsWpfApp.Models.fsproj", "{38FCFD7C-9D9D-4013-AFD0-288280741CEF}"
EndProject
Project("{F2A71F9B-5D33-465A-A702-920D77279786}") = "FsWpfApp.ViewModels", "FsWpfApp.ViewModels\FsWpfApp.ViewModels.fsproj", "{8504C818-804B-4CE2-B363-438752354CBD}"
EndProject
Project("{FAE04EC0-301F-11D3-BF4B-00C04F79EFBC}") = "MidSys", "MidSys\MidSys.csproj", "{5A540EE6-BDAB-453E-9F33-B950988E0A53}"
EndProject
Global
	GlobalSection(SolutionConfigurationPlatforms) = preSolution
		Debug|Any CPU = Debug|Any CPU
		Release|Any CPU = Release|Any CPU
	EndGlobalSection
	GlobalSection(ProjectConfigurationPlatforms) = postSolution
		{DBB9557A-12DA-4142-8EE3-A4C501E9689F}.Debug|Any CPU.ActiveCfg = Debug|Any CPU
		{DBB9557A-12DA-4142-8EE3-A4C501E9689F}.Debug|Any CPU.Build.0 = Debug|Any CPU
		{DBB9557A-12DA-4142-8EE3-A4C501E9689F}.Release|Any CPU.ActiveCfg = Release|Any CPU
		{DBB9557A-12DA-4142-8EE3-A4C501E9689F}.Release|Any CPU.Build.0 = Release|Any CPU
		{2670FDCC-B0A2-4693-B6D4-7901437FD4A9}.Debug|Any CPU.ActiveCfg = Debug|Any CPU
		{2670FDCC-B0A2-4693-B6D4-7901437FD4A9}.Debug|Any CPU.Build.0 = Debug|Any CPU
		{2670FDCC-B0A2-4693-B6D4-7901437FD4A9}.Release|Any CPU.ActiveCfg = Release|Any CPU
		{2670FDCC-B0A2-4693-B6D4-7901437FD4A9}.Release|Any CPU.Build.0 = Release|Any CPU
		{38FCFD7C-9D9D-4013-AFD0-288280741CEF}.Debug|Any CPU.ActiveCfg = Debug|Any CPU
		{38FCFD7C-9D9D-4013-AFD0-288280741CEF}.Debug|Any CPU.Build.0 = Debug|Any CPU
		{38FCFD7C-9D9D-4013-AFD0-288280741CEF}.Release|Any CPU.ActiveCfg = Release|Any CPU
		{38FCFD7C-9D9D-4013-AFD0-288280741CEF}.Release|Any CPU.Build.0 = Release|Any CPU
		{8504C818-804B-4CE2-B363-438752354CBD}.Debug|Any CPU.ActiveCfg = Debug|Any CPU
		{8504C818-804B-4CE2-B363-438752354CBD}.Debug|Any CPU.Build.0 = Debug|Any CPU
		{8504C818-804B-4CE2-B363-438752354CBD}.Release|Any CPU.ActiveCfg = Release|Any CPU
		{8504C818-804B-4CE2-B363-438752354CBD}.Release|Any CPU.Build.0 = Release|Any CPU
		{5A540EE6-BDAB-453E-9F33-B950988E0A53}.Debug|Any CPU.ActiveCfg = Debug|Any CPU
		{5A540EE6-BDAB-453E-9F33-B950988E0A53}.Debug|Any CPU.Build.0 = Debug|Any CPU
		{5A540EE6-BDAB-453E-9F33-B950988E0A53}.Release|Any CPU.ActiveCfg = Release|Any CPU
		{5A540EE6-BDAB-453E-9F33-B950988E0A53}.Release|Any CPU.Build.0 = Release|Any CPU
	EndGlobalSection
	GlobalSection(SolutionProperties) = preSolution
		HideSolutionNode = FALSE
	EndGlobalSection
	GlobalSection(ExtensibilityGlobals) = postSolution
		SolutionGuid = {ED751AAE-8DF5-4962-B825-67B748ED3BEA}
	EndGlobalSection
EndGlobal
